
Microsoft Visual Studio Solution File, Format Version 12.00
# Visual Studio Version 17
VisualStudioVersion = 17.8.34330.188
MinimumVisualStudioVersion = 10.0.40219.1
Project("{9A19103F-16F7-4668-BE54-9A1E7A4F7556}") = "JSGABackend.Entity", "JSGABackend.Entity\JSGABackend.Entity.csproj", "{38DF0226-A4AC-490E-8428-B8A4C22F5086}"
EndProject
Project("{9A19103F-16F7-4668-BE54-9A1E7A4F7556}") = "JSGABackend.DataAccess", "JSGABackend.DataAccess\JSGABackend.DataAccess.csproj", "{57780A2B-38E4-4A9B-A788-204D907E1EA9}"
	ProjectSection(ProjectDependencies) = postProject
		{304462B8-F820-4B8F-AC64-EE1A45750800} = {304462B8-F820-4B8F-AC64-EE1A45750800}
	EndProjectSection
EndProject
Project("{9A19103F-16F7-4668-BE54-9A1E7A4F7556}") = "JSGABackend.Responses", "JSGABackend.Result\JSGABackend.Responses.csproj", "{80E8DD70-0844-4C19-B9DF-A95F5B58EA30}"
EndProject
Project("{9A19103F-16F7-4668-BE54-9A1E7A4F7556}") = "JSGABackend.Contexts", "JSGABackend.Contexts\JSGABackend.Contexts.csproj", "{05AB74AE-3797-4FDA-9387-518767B97DB7}"
EndProject
Project("{9A19103F-16F7-4668-BE54-9A1E7A4F7556}") = "JSGABackend.Extensions", "JSGABackend.Extensions\JSGABackend.Extensions.csproj", "{304462B8-F820-4B8F-AC64-EE1A45750800}"
EndProject
Project("{9A19103F-16F7-4668-BE54-9A1E7A4F7556}") = "JSGABackend.Exceptions", "JSGABackend.Exceptions\JSGABackend.Exceptions.csproj", "{1925339D-EB68-4A9A-972D-B39E3A089E09}"
EndProject
Project("{FAE04EC0-301F-11D3-BF4B-00C04F79EFBC}") = "JSGABackend.Business", "JSGABackend.Business\JSGABackend.Business.csproj", "{1E31A3E5-7FED-46D5-A2C6-157B361DCC21}"
EndProject
Global
	GlobalSection(SolutionConfigurationPlatforms) = preSolution
		Debug|Any CPU = Debug|Any CPU
		Release|Any CPU = Release|Any CPU
	EndGlobalSection
	GlobalSection(ProjectConfigurationPlatforms) = postSolution
		{38DF0226-A4AC-490E-8428-B8A4C22F5086}.Debug|Any CPU.ActiveCfg = Debug|Any CPU
		{38DF0226-A4AC-490E-8428-B8A4C22F5086}.Debug|Any CPU.Build.0 = Debug|Any CPU
		{38DF0226-A4AC-490E-8428-B8A4C22F5086}.Release|Any CPU.ActiveCfg = Release|Any CPU
		{38DF0226-A4AC-490E-8428-B8A4C22F5086}.Release|Any CPU.Build.0 = Release|Any CPU
		{57780A2B-38E4-4A9B-A788-204D907E1EA9}.Debug|Any CPU.ActiveCfg = Debug|Any CPU
		{57780A2B-38E4-4A9B-A788-204D907E1EA9}.Debug|Any CPU.Build.0 = Debug|Any CPU
		{57780A2B-38E4-4A9B-A788-204D907E1EA9}.Release|Any CPU.ActiveCfg = Release|Any CPU
		{57780A2B-38E4-4A9B-A788-204D907E1EA9}.Release|Any CPU.Build.0 = Release|Any CPU
		{80E8DD70-0844-4C19-B9DF-A95F5B58EA30}.Debug|Any CPU.ActiveCfg = Debug|Any CPU
		{80E8DD70-0844-4C19-B9DF-A95F5B58EA30}.Debug|Any CPU.Build.0 = Debug|Any CPU
		{80E8DD70-0844-4C19-B9DF-A95F5B58EA30}.Release|Any CPU.ActiveCfg = Release|Any CPU
		{80E8DD70-0844-4C19-B9DF-A95F5B58EA30}.Release|Any CPU.Build.0 = Release|Any CPU
		{05AB74AE-3797-4FDA-9387-518767B97DB7}.Debug|Any CPU.ActiveCfg = Debug|Any CPU
		{05AB74AE-3797-4FDA-9387-518767B97DB7}.Debug|Any CPU.Build.0 = Debug|Any CPU
		{05AB74AE-3797-4FDA-9387-518767B97DB7}.Release|Any CPU.ActiveCfg = Release|Any CPU
		{05AB74AE-3797-4FDA-9387-518767B97DB7}.Release|Any CPU.Build.0 = Release|Any CPU
		{304462B8-F820-4B8F-AC64-EE1A45750800}.Debug|Any CPU.ActiveCfg = Debug|Any CPU
		{304462B8-F820-4B8F-AC64-EE1A45750800}.Debug|Any CPU.Build.0 = Debug|Any CPU
		{304462B8-F820-4B8F-AC64-EE1A45750800}.Release|Any CPU.ActiveCfg = Release|Any CPU
		{304462B8-F820-4B8F-AC64-EE1A45750800}.Release|Any CPU.Build.0 = Release|Any CPU
		{1925339D-EB68-4A9A-972D-B39E3A089E09}.Debug|Any CPU.ActiveCfg = Debug|Any CPU
		{1925339D-EB68-4A9A-972D-B39E3A089E09}.Debug|Any CPU.Build.0 = Debug|Any CPU
		{1925339D-EB68-4A9A-972D-B39E3A089E09}.Release|Any CPU.ActiveCfg = Release|Any CPU
		{1925339D-EB68-4A9A-972D-B39E3A089E09}.Release|Any CPU.Build.0 = Release|Any CPU
		{1E31A3E5-7FED-46D5-A2C6-157B361DCC21}.Debug|Any CPU.ActiveCfg = Debug|Any CPU
		{1E31A3E5-7FED-46D5-A2C6-157B361DCC21}.Debug|Any CPU.Build.0 = Debug|Any CPU
		{1E31A3E5-7FED-46D5-A2C6-157B361DCC21}.Release|Any CPU.ActiveCfg = Release|Any CPU
		{1E31A3E5-7FED-46D5-A2C6-157B361DCC21}.Release|Any CPU.Build.0 = Release|Any CPU
	EndGlobalSection
	GlobalSection(SolutionProperties) = preSolution
		HideSolutionNode = FALSE
	EndGlobalSection
	GlobalSection(ExtensibilityGlobals) = postSolution
		SolutionGuid = {E9A532EE-35D0-4BD0-AC76-25F957A6CFF0}
	EndGlobalSection
EndGlobal
